// !$*UTF8*$!
{
	archiveVersion = 1;
	classes = {
	};
	objectVersion = 50;
	objects = {

/* Begin PBXBuildFile section */
		6F6B160624E245A60041B8EF /* SPBSShellManager.m in Sources */ = {isa = PBXBuildFile; fileRef = 6F6B160524E245A60041B8EF /* SPBSShellManager.m */; };
		6F6B160E24E24E610041B8EF /* SPBSShellManagerTests.m in Sources */ = {isa = PBXBuildFile; fileRef = 6F6B160D24E24E610041B8EF /* SPBSShellManagerTests.m */; };
		6F6B161324E24FCB0041B8EF /* SPBSShellManager.m in Sources */ = {isa = PBXBuildFile; fileRef = 6F6B160524E245A60041B8EF /* SPBSShellManager.m */; };
		6F6B161624E251540041B8EF /* SPBSCommand.m in Sources */ = {isa = PBXBuildFile; fileRef = 6F6B161524E251540041B8EF /* SPBSCommand.m */; };
		6F6B161724E251540041B8EF /* SPBSCommand.m in Sources */ = {isa = PBXBuildFile; fileRef = 6F6B161524E251540041B8EF /* SPBSCommand.m */; };
		6F6B161924E2545A0041B8EF /* SPBSCommandTests.m in Sources */ = {isa = PBXBuildFile; fileRef = 6F6B161824E2545A0041B8EF /* SPBSCommandTests.m */; };
		6F6B161D24E25A970041B8EF /* SpotlightBridge.framework in Frameworks */ = {isa = PBXBuildFile; fileRef = 6F6B161B24E25A750041B8EF /* SpotlightBridge.framework */; };
		6F6B162024E25C3B0041B8EF /* SPBSShellQuery.m in Sources */ = {isa = PBXBuildFile; fileRef = 6F6B161F24E25C3B0041B8EF /* SPBSShellQuery.m */; };
		6F6B162324E261180041B8EF /* SPBSSearchResult.m in Sources */ = {isa = PBXBuildFile; fileRef = 6F6B162224E261180041B8EF /* SPBSSearchResult.m */; };
		6F6B162524E263F70041B8EF /* SpotlightBridgeShell.bundle in CopyFiles */ = {isa = PBXBuildFile; fileRef = 6F6B15FB24E2457E0041B8EF /* SpotlightBridgeShell.bundle */; };
		6F6B162B24E38B300041B8EF /* SPBSAliasParser.m in Sources */ = {isa = PBXBuildFile; fileRef = 6F6B162A24E38B300041B8EF /* SPBSAliasParser.m */; };
		6F6B162D24E38BC30041B8EF /* SPBSAliasParserTests.m in Sources */ = {isa = PBXBuildFile; fileRef = 6F6B162C24E38BC30041B8EF /* SPBSAliasParserTests.m */; };
		6F6B162E24E38C660041B8EF /* SPBSAliasParser.m in Sources */ = {isa = PBXBuildFile; fileRef = 6F6B162A24E38B300041B8EF /* SPBSAliasParser.m */; };
/* End PBXBuildFile section */

/* Begin PBXCopyFilesBuildPhase section */
		6F6B162424E263C80041B8EF /* CopyFiles */ = {
			isa = PBXCopyFilesBuildPhase;
			buildActionMask = 12;
			dstPath = "/Users/benjaminjohnson/Library/Application Support/SpotlightBridge";
			dstSubfolderSpec = 0;
			files = (
				6F6B162524E263F70041B8EF /* SpotlightBridgeShell.bundle in CopyFiles */,
			);
			runOnlyForDeploymentPostprocessing = 0;
		};
/* End PBXCopyFilesBuildPhase section */

/* Begin PBXFileReference section */
		6F6B15FB24E2457E0041B8EF /* SpotlightBridgeShell.bundle */ = {isa = PBXFileReference; explicitFileType = wrapper.cfbundle; includeInIndex = 0; path = SpotlightBridgeShell.bundle; sourceTree = BUILT_PRODUCTS_DIR; };
		6F6B15FE24E2457E0041B8EF /* Info.plist */ = {isa = PBXFileReference; lastKnownFileType = text.plist.xml; path = Info.plist; sourceTree = "<group>"; };
		6F6B160424E245A60041B8EF /* SPBSShellManager.h */ = {isa = PBXFileReference; lastKnownFileType = sourcecode.c.h; path = SPBSShellManager.h; sourceTree = "<group>"; };
		6F6B160524E245A60041B8EF /* SPBSShellManager.m */ = {isa = PBXFileReference; lastKnownFileType = sourcecode.c.objc; path = SPBSShellManager.m; sourceTree = "<group>"; };
		6F6B160B24E24E600041B8EF /* SpotlightBridgeShellTests.xctest */ = {isa = PBXFileReference; explicitFileType = wrapper.cfbundle; includeInIndex = 0; path = SpotlightBridgeShellTests.xctest; sourceTree = BUILT_PRODUCTS_DIR; };
		6F6B160D24E24E610041B8EF /* SPBSShellManagerTests.m */ = {isa = PBXFileReference; lastKnownFileType = sourcecode.c.objc; path = SPBSShellManagerTests.m; sourceTree = "<group>"; };
		6F6B160F24E24E610041B8EF /* Info.plist */ = {isa = PBXFileReference; lastKnownFileType = text.plist.xml; path = Info.plist; sourceTree = "<group>"; };
		6F6B161424E251540041B8EF /* SPBSCommand.h */ = {isa = PBXFileReference; lastKnownFileType = sourcecode.c.h; path = SPBSCommand.h; sourceTree = "<group>"; };
		6F6B161524E251540041B8EF /* SPBSCommand.m */ = {isa = PBXFileReference; lastKnownFileType = sourcecode.c.objc; path = SPBSCommand.m; sourceTree = "<group>"; };
		6F6B161824E2545A0041B8EF /* SPBSCommandTests.m */ = {isa = PBXFileReference; lastKnownFileType = sourcecode.c.objc; path = SPBSCommandTests.m; sourceTree = "<group>"; };
		6F6B161B24E25A750041B8EF /* SpotlightBridge.framework */ = {isa = PBXFileReference; lastKnownFileType = wrapper.framework; name = SpotlightBridge.framework; path = "../../Library/Developer/Xcode/DerivedData/SpotlightBridge-hbaaasnfxypktxdvohccviosirbx/Build/Products/Debug/SpotlightBridge.framework"; sourceTree = "<group>"; };
		6F6B161E24E25C3B0041B8EF /* SPBSShellQuery.h */ = {isa = PBXFileReference; lastKnownFileType = sourcecode.c.h; path = SPBSShellQuery.h; sourceTree = "<group>"; };
		6F6B161F24E25C3B0041B8EF /* SPBSShellQuery.m */ = {isa = PBXFileReference; lastKnownFileType = sourcecode.c.objc; path = SPBSShellQuery.m; sourceTree = "<group>"; };
		6F6B162124E261180041B8EF /* SPBSSearchResult.h */ = {isa = PBXFileReference; lastKnownFileType = sourcecode.c.h; path = SPBSSearchResult.h; sourceTree = "<group>"; };
		6F6B162224E261180041B8EF /* SPBSSearchResult.m */ = {isa = PBXFileReference; lastKnownFileType = sourcecode.c.objc; path = SPBSSearchResult.m; sourceTree = "<group>"; };
		6F6B162924E38B300041B8EF /* SPBSAliasParser.h */ = {isa = PBXFileReference; lastKnownFileType = sourcecode.c.h; path = SPBSAliasParser.h; sourceTree = "<group>"; };
		6F6B162A24E38B300041B8EF /* SPBSAliasParser.m */ = {isa = PBXFileReference; lastKnownFileType = sourcecode.c.objc; path = SPBSAliasParser.m; sourceTree = "<group>"; };
		6F6B162C24E38BC30041B8EF /* SPBSAliasParserTests.m */ = {isa = PBXFileReference; lastKnownFileType = sourcecode.c.objc; path = SPBSAliasParserTests.m; sourceTree = "<group>"; };
/* End PBXFileReference section */

/* Begin PBXFrameworksBuildPhase section */
		6F6B15F824E2457E0041B8EF /* Frameworks */ = {
			isa = PBXFrameworksBuildPhase;
			buildActionMask = 2147483647;
			files = (
				6F6B161D24E25A970041B8EF /* SpotlightBridge.framework in Frameworks */,
			);
			runOnlyForDeploymentPostprocessing = 0;
		};
		6F6B160824E24E600041B8EF /* Frameworks */ = {
			isa = PBXFrameworksBuildPhase;
			buildActionMask = 2147483647;
			files = (
			);
			runOnlyForDeploymentPostprocessing = 0;
		};
/* End PBXFrameworksBuildPhase section */

/* Begin PBXGroup section */
		6F6B15F224E2457E0041B8EF = {
			isa = PBXGroup;
			children = (
				6F6B15FD24E2457E0041B8EF /* SpotlightBridgeShell */,
				6F6B160C24E24E610041B8EF /* SpotlightBridgeShellTests */,
				6F6B15FC24E2457E0041B8EF /* Products */,
				6F6B161A24E25A750041B8EF /* Frameworks */,
			);
			sourceTree = "<group>";
		};
		6F6B15FC24E2457E0041B8EF /* Products */ = {
			isa = PBXGroup;
			children = (
				6F6B15FB24E2457E0041B8EF /* SpotlightBridgeShell.bundle */,
				6F6B160B24E24E600041B8EF /* SpotlightBridgeShellTests.xctest */,
			);
			name = Products;
			sourceTree = "<group>";
		};
		6F6B15FD24E2457E0041B8EF /* SpotlightBridgeShell */ = {
			isa = PBXGroup;
			children = (
				6F6B15FE24E2457E0041B8EF /* Info.plist */,
				6F6B160424E245A60041B8EF /* SPBSShellManager.h */,
				6F6B160524E245A60041B8EF /* SPBSShellManager.m */,
				6F6B161424E251540041B8EF /* SPBSCommand.h */,
				6F6B161524E251540041B8EF /* SPBSCommand.m */,
				6F6B161E24E25C3B0041B8EF /* SPBSShellQuery.h */,
				6F6B161F24E25C3B0041B8EF /* SPBSShellQuery.m */,
				6F6B162124E261180041B8EF /* SPBSSearchResult.h */,
				6F6B162224E261180041B8EF /* SPBSSearchResult.m */,
				6F6B162924E38B300041B8EF /* SPBSAliasParser.h */,
				6F6B162A24E38B300041B8EF /* SPBSAliasParser.m */,
			);
			path = SpotlightBridgeShell;
			sourceTree = "<group>";
		};
		6F6B160C24E24E610041B8EF /* SpotlightBridgeShellTests */ = {
			isa = PBXGroup;
			children = (
				6F6B160D24E24E610041B8EF /* SPBSShellManagerTests.m */,
				6F6B161824E2545A0041B8EF /* SPBSCommandTests.m */,
				6F6B162C24E38BC30041B8EF /* SPBSAliasParserTests.m */,
				6F6B160F24E24E610041B8EF /* Info.plist */,
			);
			path = SpotlightBridgeShellTests;
			sourceTree = "<group>";
		};
		6F6B161A24E25A750041B8EF /* Frameworks */ = {
			isa = PBXGroup;
			children = (
				6F6B161B24E25A750041B8EF /* SpotlightBridge.framework */,
			);
			name = Frameworks;
			sourceTree = "<group>";
		};
/* End PBXGroup section */

/* Begin PBXNativeTarget section */
		6F6B15FA24E2457E0041B8EF /* SpotlightBridgeShell */ = {
			isa = PBXNativeTarget;
			buildConfigurationList = 6F6B160124E2457E0041B8EF /* Build configuration list for PBXNativeTarget "SpotlightBridgeShell" */;
			buildPhases = (
				6F6B15F724E2457E0041B8EF /* Sources */,
				6F6B15F824E2457E0041B8EF /* Frameworks */,
				6F6B15F924E2457E0041B8EF /* Resources */,
				6F6B162424E263C80041B8EF /* CopyFiles */,
			);
			buildRules = (
			);
			dependencies = (
			);
			name = SpotlightBridgeShell;
			productName = SpotlightBridgeShell;
			productReference = 6F6B15FB24E2457E0041B8EF /* SpotlightBridgeShell.bundle */;
			productType = "com.apple.product-type.bundle";
		};
		6F6B160A24E24E600041B8EF /* SpotlightBridgeShellTests */ = {
			isa = PBXNativeTarget;
			buildConfigurationList = 6F6B161024E24E610041B8EF /* Build configuration list for PBXNativeTarget "SpotlightBridgeShellTests" */;
			buildPhases = (
				6F6B160724E24E600041B8EF /* Sources */,
				6F6B160824E24E600041B8EF /* Frameworks */,
				6F6B160924E24E600041B8EF /* Resources */,
			);
			buildRules = (
			);
			dependencies = (
			);
			name = SpotlightBridgeShellTests;
			productName = SpotlightBridgeShellTests;
			productReference = 6F6B160B24E24E600041B8EF /* SpotlightBridgeShellTests.xctest */;
			productType = "com.apple.product-type.bundle.unit-test";
		};
/* End PBXNativeTarget section */

/* Begin PBXProject section */
		6F6B15F324E2457E0041B8EF /* Project object */ = {
			isa = PBXProject;
			attributes = {
				LastUpgradeCheck = 1160;
				ORGANIZATIONNAME = "Benjamin Johnson";
				TargetAttributes = {
					6F6B15FA24E2457E0041B8EF = {
						CreatedOnToolsVersion = 11.6;
					};
					6F6B160A24E24E600041B8EF = {
						CreatedOnToolsVersion = 11.6;
					};
				};
			};
			buildConfigurationList = 6F6B15F624E2457E0041B8EF /* Build configuration list for PBXProject "SpotlightBridgeShell" */;
			compatibilityVersion = "Xcode 9.3";
			developmentRegion = en;
			hasScannedForEncodings = 0;
			knownRegions = (
				en,
				Base,
			);
			mainGroup = 6F6B15F224E2457E0041B8EF;
			productRefGroup = 6F6B15FC24E2457E0041B8EF /* Products */;
			projectDirPath = "";
			projectRoot = "";
			targets = (
				6F6B15FA24E2457E0041B8EF /* SpotlightBridgeShell */,
				6F6B160A24E24E600041B8EF /* SpotlightBridgeShellTests */,
			);
		};
/* End PBXProject section */

/* Begin PBXResourcesBuildPhase section */
		6F6B15F924E2457E0041B8EF /* Resources */ = {
			isa = PBXResourcesBuildPhase;
			buildActionMask = 2147483647;
			files = (
			);
			runOnlyForDeploymentPostprocessing = 0;
		};
		6F6B160924E24E600041B8EF /* Resources */ = {
			isa = PBXResourcesBuildPhase;
			buildActionMask = 2147483647;
			files = (
			);
			runOnlyForDeploymentPostprocessing = 0;
		};
/* End PBXResourcesBuildPhase section */

/* Begin PBXSourcesBuildPhase section */
		6F6B15F724E2457E0041B8EF /* Sources */ = {
			isa = PBXSourcesBuildPhase;
			buildActionMask = 2147483647;
			files = (
				6F6B162024E25C3B0041B8EF /* SPBSShellQuery.m in Sources */,
				6F6B160624E245A60041B8EF /* SPBSShellManager.m in Sources */,
				6F6B162B24E38B300041B8EF /* SPBSAliasParser.m in Sources */,
				6F6B162324E261180041B8EF /* SPBSSearchResult.m in Sources */,
				6F6B161624E251540041B8EF /* SPBSCommand.m in Sources */,
			);
			runOnlyForDeploymentPostprocessing = 0;
		};
		6F6B160724E24E600041B8EF /* Sources */ = {
			isa = PBXSourcesBuildPhase;
			buildActionMask = 2147483647;
			files = (
				6F6B161724E251540041B8EF /* SPBSCommand.m in Sources */,
				6F6B161924E2545A0041B8EF /* SPBSCommandTests.m in Sources */,
				6F6B160E24E24E610041B8EF /* SPBSShellManagerTests.m in Sources */,
				6F6B162E24E38C660041B8EF /* SPBSAliasParser.m in Sources */,
				6F6B161324E24FCB0041B8EF /* SPBSShellManager.m in Sources */,
				6F6B162D24E38BC30041B8EF /* SPBSAliasParserTests.m in Sources */,
			);
			runOnlyForDeploymentPostprocessing = 0;
		};
/* End PBXSourcesBuildPhase section */

/* Begin XCBuildConfiguration section */
		6F6B15FF24E2457E0041B8EF /* Debug */ = {
			isa = XCBuildConfiguration;
			buildSettings = {
				ALWAYS_SEARCH_USER_PATHS = NO;
				CLANG_ANALYZER_NONNULL = YES;
				CLANG_ANALYZER_NUMBER_OBJECT_CONVERSION = YES_AGGRESSIVE;
				CLANG_CXX_LANGUAGE_STANDARD = "gnu++14";
				CLANG_CXX_LIBRARY = "libc++";
				CLANG_ENABLE_MODULES = YES;
				CLANG_ENABLE_OBJC_ARC = YES;
				CLANG_ENABLE_OBJC_WEAK = YES;
				CLANG_WARN_BLOCK_CAPTURE_AUTORELEASING = YES;
				CLANG_WARN_BOOL_CONVERSION = YES;
				CLANG_WARN_COMMA = YES;
				CLANG_WARN_CONSTANT_CONVERSION = YES;
				CLANG_WARN_DEPRECATED_OBJC_IMPLEMENTATIONS = YES;
				CLANG_WARN_DIRECT_OBJC_ISA_USAGE = YES_ERROR;
				CLANG_WARN_DOCUMENTATION_COMMENTS = YES;
				CLANG_WARN_EMPTY_BODY = YES;
				CLANG_WARN_ENUM_CONVERSION = YES;
				CLANG_WARN_INFINITE_RECURSION = YES;
				CLANG_WARN_INT_CONVERSION = YES;
				CLANG_WARN_NON_LITERAL_NULL_CONVERSION = YES;
				CLANG_WARN_OBJC_IMPLICIT_RETAIN_SELF = YES;
				CLANG_WARN_OBJC_LITERAL_CONVERSION = YES;
				CLANG_WARN_OBJC_ROOT_CLASS = YES_ERROR;
				CLANG_WARN_RANGE_LOOP_ANALYSIS = YES;
				CLANG_WARN_STRICT_PROTOTYPES = YES;
				CLANG_WARN_SUSPICIOUS_MOVE = YES;
				CLANG_WARN_UNGUARDED_AVAILABILITY = YES_AGGRESSIVE;
				CLANG_WARN_UNREACHABLE_CODE = YES;
				CLANG_WARN__DUPLICATE_METHOD_MATCH = YES;
				COPY_PHASE_STRIP = NO;
				DEBUG_INFORMATION_FORMAT = dwarf;
				ENABLE_STRICT_OBJC_MSGSEND = YES;
				ENABLE_TESTABILITY = YES;
				GCC_C_LANGUAGE_STANDARD = gnu11;
				GCC_DYNAMIC_NO_PIC = NO;
				GCC_NO_COMMON_BLOCKS = YES;
				GCC_OPTIMIZATION_LEVEL = 0;
				GCC_PREPROCESSOR_DEFINITIONS = (
					"DEBUG=1",
					"$(inherited)",
				);
				GCC_WARN_64_TO_32_BIT_CONVERSION = YES;
				GCC_WARN_ABOUT_RETURN_TYPE = YES_ERROR;
				GCC_WARN_UNDECLARED_SELECTOR = YES;
				GCC_WARN_UNINITIALIZED_AUTOS = YES_AGGRESSIVE;
				GCC_WARN_UNUSED_FUNCTION = YES;
				GCC_WARN_UNUSED_VARIABLE = YES;
				MACOSX_DEPLOYMENT_TARGET = 10.15;
				MTL_ENABLE_DEBUG_INFO = INCLUDE_SOURCE;
				MTL_FAST_MATH = YES;
				ONLY_ACTIVE_ARCH = YES;
				SDKROOT = macosx;
			};
			name = Debug;
		};
		6F6B160024E2457E0041B8EF /* Release */ = {
			isa = XCBuildConfiguration;
			buildSettings = {
				ALWAYS_SEARCH_USER_PATHS = NO;
				CLANG_ANALYZER_NONNULL = YES;
				CLANG_ANALYZER_NUMBER_OBJECT_CONVERSION = YES_AGGRESSIVE;
				CLANG_CXX_LANGUAGE_STANDARD = "gnu++14";
				CLANG_CXX_LIBRARY = "libc++";
				CLANG_ENABLE_MODULES = YES;
				CLANG_ENABLE_OBJC_ARC = YES;
				CLANG_ENABLE_OBJC_WEAK = YES;
				CLANG_WARN_BLOCK_CAPTURE_AUTORELEASING = YES;
				CLANG_WARN_BOOL_CONVERSION = YES;
				CLANG_WARN_COMMA = YES;
				CLANG_WARN_CONSTANT_CONVERSION = YES;
				CLANG_WARN_DEPRECATED_OBJC_IMPLEMENTATIONS = YES;
				CLANG_WARN_DIRECT_OBJC_ISA_USAGE = YES_ERROR;
				CLANG_WARN_DOCUMENTATION_COMMENTS = YES;
				CLANG_WARN_EMPTY_BODY = YES;
				CLANG_WARN_ENUM_CONVERSION = YES;
				CLANG_WARN_INFINITE_RECURSION = YES;
				CLANG_WARN_INT_CONVERSION = YES;
				CLANG_WARN_NON_LITERAL_NULL_CONVERSION = YES;
				CLANG_WARN_OBJC_IMPLICIT_RETAIN_SELF = YES;
				CLANG_WARN_OBJC_LITERAL_CONVERSION = YES;
				CLANG_WARN_OBJC_ROOT_CLASS = YES_ERROR;
				CLANG_WARN_RANGE_LOOP_ANALYSIS = YES;
				CLANG_WARN_STRICT_PROTOTYPES = YES;
				CLANG_WARN_SUSPICIOUS_MOVE = YES;
				CLANG_WARN_UNGUARDED_AVAILABILITY = YES_AGGRESSIVE;
				CLANG_WARN_UNREACHABLE_CODE = YES;
				CLANG_WARN__DUPLICATE_METHOD_MATCH = YES;
				COPY_PHASE_STRIP = NO;
				DEBUG_INFORMATION_FORMAT = "dwarf-with-dsym";
				ENABLE_NS_ASSERTIONS = NO;
				ENABLE_STRICT_OBJC_MSGSEND = YES;
				GCC_C_LANGUAGE_STANDARD = gnu11;
				GCC_NO_COMMON_BLOCKS = YES;
				GCC_WARN_64_TO_32_BIT_CONVERSION = YES;
				GCC_WARN_ABOUT_RETURN_TYPE = YES_ERROR;
				GCC_WARN_UNDECLARED_SELECTOR = YES;
				GCC_WARN_UNINITIALIZED_AUTOS = YES_AGGRESSIVE;
				GCC_WARN_UNUSED_FUNCTION = YES;
				GCC_WARN_UNUSED_VARIABLE = YES;
				MACOSX_DEPLOYMENT_TARGET = 10.15;
				MTL_ENABLE_DEBUG_INFO = NO;
				MTL_FAST_MATH = YES;
				SDKROOT = macosx;
			};
			name = Release;
		};
		6F6B160224E2457E0041B8EF /* Debug */ = {
			isa = XCBuildConfiguration;
			buildSettings = {
				CODE_SIGN_STYLE = Automatic;
				COMBINE_HIDPI_IMAGES = YES;
				FRAMEWORK_SEARCH_PATHS = "/Users/benjaminjohnson/Library/Developer/Xcode/DerivedData/SpotlightBridge-hbaaasnfxypktxdvohccviosirbx/Build/Products/Debug/";
				INFOPLIST_FILE = SpotlightBridgeShell/Info.plist;
				INSTALL_PATH = "$(LOCAL_LIBRARY_DIR)/Bundles";
				PRODUCT_BUNDLE_IDENTIFIER = benjamin.spotlightbridge.SpotlightBridgeShell;
				PRODUCT_NAME = "$(TARGET_NAME)";
				SKIP_INSTALL = YES;
				WRAPPER_EXTENSION = bundle;
			};
			name = Debug;
		};
		6F6B160324E2457E0041B8EF /* Release */ = {
			isa = XCBuildConfiguration;
			buildSettings = {
				CODE_SIGN_STYLE = Automatic;
				COMBINE_HIDPI_IMAGES = YES;
				FRAMEWORK_SEARCH_PATHS = "/Users/benjaminjohnson/Library/Developer/Xcode/DerivedData/SpotlightBridge-hbaaasnfxypktxdvohccviosirbx/Build/Products/Debug/";
				INFOPLIST_FILE = SpotlightBridgeShell/Info.plist;
				INSTALL_PATH = "$(LOCAL_LIBRARY_DIR)/Bundles";
				PRODUCT_BUNDLE_IDENTIFIER = benjamin.spotlightbridge.SpotlightBridgeShell;
				PRODUCT_NAME = "$(TARGET_NAME)";
				SKIP_INSTALL = YES;
				WRAPPER_EXTENSION = bundle;
			};
			name = Release;
		};
		6F6B161124E24E610041B8EF /* Debug */ = {
			isa = XCBuildConfiguration;
			buildSettings = {
				CODE_SIGN_STYLE = Automatic;
				COMBINE_HIDPI_IMAGES = YES;
				INFOPLIST_FILE = SpotlightBridgeShellTests/Info.plist;
				LD_RUNPATH_SEARCH_PATHS = (
					"$(inherited)",
					"@executable_path/../Frameworks",
					"@loader_path/../Frameworks",
				);
				PRODUCT_BUNDLE_IDENTIFIER = benjamin.spotlightbridge.SpotlightBridgeShellTests;
				PRODUCT_NAME = "$(TARGET_NAME)";
			};
			name = Debug;
		};
		6F6B161224E24E610041B8EF /* Release */ = {
			isa = XCBuildConfiguration;
			buildSettings = {
				CODE_SIGN_STYLE = Automatic;
				COMBINE_HIDPI_IMAGES = YES;
				INFOPLIST_FILE = SpotlightBridgeShellTests/Info.plist;
				LD_RUNPATH_SEARCH_PATHS = (
					"$(inherited)",
					"@executable_path/../Frameworks",
					"@loader_path/../Frameworks",
				);
				PRODUCT_BUNDLE_IDENTIFIER = benjamin.spotlightbridge.SpotlightBridgeShellTests;
				PRODUCT_NAME = "$(TARGET_NAME)";
			};
			name = Release;
		};
/* End XCBuildConfiguration section */

/* Begin XCConfigurationList section */
		6F6B15F624E2457E0041B8EF /* Build configuration list for PBXProject "SpotlightBridgeShell" */ = {
			isa = XCConfigurationList;
			buildConfigurations = (
				6F6B15FF24E2457E0041B8EF /* Debug */,
				6F6B160024E2457E0041B8EF /* Release */,
			);
			defaultConfigurationIsVisible = 0;
			defaultConfigurationName = Release;
		};
		6F6B160124E2457E0041B8EF /* Build configuration list for PBXNativeTarget "SpotlightBridgeShell" */ = {
			isa = XCConfigurationList;
			buildConfigurations = (
				6F6B160224E2457E0041B8EF /* Debug */,
				6F6B160324E2457E0041B8EF /* Release */,
			);
			defaultConfigurationIsVisible = 0;
			defaultConfigurationName = Release;
		};
		6F6B161024E24E610041B8EF /* Build configuration list for PBXNativeTarget "SpotlightBridgeShellTests" */ = {
			isa = XCConfigurationList;
			buildConfigurations = (
				6F6B161124E24E610041B8EF /* Debug */,
				6F6B161224E24E610041B8EF /* Release */,
			);
			defaultConfigurationIsVisible = 0;
			defaultConfigurationName = Release;
		};
/* End XCConfigurationList section */
	};
	rootObject = 6F6B15F324E2457E0041B8EF /* Project object */;
}
